
Microsoft Visual Studio Solution File, Format Version 12.00
# Visual Studio Version 16
VisualStudioVersion = 16.0.30011.22
MinimumVisualStudioVersion = 10.0.40219.1
Project("{FAE04EC0-301F-11D3-BF4B-00C04F79EFBC}") = "BlazorApp4.Server", "BlazorApp4\Server\BlazorApp4.Server.csproj", "{D01466EA-2072-4913-9BAD-19E09DB8B9DE}"
EndProject
Project("{FAE04EC0-301F-11D3-BF4B-00C04F79EFBC}") = "BlazorApp4.Client", "BlazorApp4\Client\BlazorApp4.Client.csproj", "{45087F8D-469D-4963-9F23-EC57F6F037CA}"
EndProject
Project("{FAE04EC0-301F-11D3-BF4B-00C04F79EFBC}") = "BlazorApp4.Shared", "BlazorApp4\Shared\BlazorApp4.Shared.csproj", "{942D4448-E891-49E0-9053-EE74A117B2D1}"
EndProject
Global
	GlobalSection(SolutionConfigurationPlatforms) = preSolution
		Debug|Any CPU = Debug|Any CPU
		Release|Any CPU = Release|Any CPU
	EndGlobalSection
	GlobalSection(ProjectConfigurationPlatforms) = postSolution
		{D01466EA-2072-4913-9BAD-19E09DB8B9DE}.Debug|Any CPU.ActiveCfg = Debug|Any CPU
		{D01466EA-2072-4913-9BAD-19E09DB8B9DE}.Debug|Any CPU.Build.0 = Debug|Any CPU
		{D01466EA-2072-4913-9BAD-19E09DB8B9DE}.Release|Any CPU.ActiveCfg = Release|Any CPU
		{D01466EA-2072-4913-9BAD-19E09DB8B9DE}.Release|Any CPU.Build.0 = Release|Any CPU
		{45087F8D-469D-4963-9F23-EC57F6F037CA}.Debug|Any CPU.ActiveCfg = Debug|Any CPU
		{45087F8D-469D-4963-9F23-EC57F6F037CA}.Debug|Any CPU.Build.0 = Debug|Any CPU
		{45087F8D-469D-4963-9F23-EC57F6F037CA}.Release|Any CPU.ActiveCfg = Release|Any CPU
		{45087F8D-469D-4963-9F23-EC57F6F037CA}.Release|Any CPU.Build.0 = Release|Any CPU
		{942D4448-E891-49E0-9053-EE74A117B2D1}.Debug|Any CPU.ActiveCfg = Debug|Any CPU
		{942D4448-E891-49E0-9053-EE74A117B2D1}.Debug|Any CPU.Build.0 = Debug|Any CPU
		{942D4448-E891-49E0-9053-EE74A117B2D1}.Release|Any CPU.ActiveCfg = Release|Any CPU
		{942D4448-E891-49E0-9053-EE74A117B2D1}.Release|Any CPU.Build.0 = Release|Any CPU
	EndGlobalSection
	GlobalSection(SolutionProperties) = preSolution
		HideSolutionNode = FALSE
	EndGlobalSection
	GlobalSection(ExtensibilityGlobals) = postSolution
		SolutionGuid = {A93762FB-1E25-4E3B-8DCC-A28DD0EB758D}
	EndGlobalSection
EndGlobal
